
Microsoft Visual Studio Solution File, Format Version 12.00
# Visual Studio Version 17
VisualStudioVersion = 17.5.33530.505
MinimumVisualStudioVersion = 10.0.40219.1
Project("{9A19103F-16F7-4668-BE54-9A1E7A4F7556}") = "DeleteFromFolder", "HomeWorkFiles\DeleteFromFolder.csproj", "{20972C03-1110-4477-BCB3-895E1558175F}"
EndProject
Project("{9A19103F-16F7-4668-BE54-9A1E7A4F7556}") = "SizeDirectory", "SizeDirectory\SizeDirectory.csproj", "{C82839BE-5EF1-4BBB-8FD8-A80CE1134466}"
EndProject
Project("{FAE04EC0-301F-11D3-BF4B-00C04F79EFBC}") = "FInalTask", "ToBinary\FInalTask.csproj", "{4333B9FF-CE99-4D39-9A10-1D0EF07C3C40}"
EndProject
Global
	GlobalSection(SolutionConfigurationPlatforms) = preSolution
		Debug|Any CPU = Debug|Any CPU
		Release|Any CPU = Release|Any CPU
	EndGlobalSection
	GlobalSection(ProjectConfigurationPlatforms) = postSolution
		{20972C03-1110-4477-BCB3-895E1558175F}.Debug|Any CPU.ActiveCfg = Debug|Any CPU
		{20972C03-1110-4477-BCB3-895E1558175F}.Debug|Any CPU.Build.0 = Debug|Any CPU
		{20972C03-1110-4477-BCB3-895E1558175F}.Release|Any CPU.ActiveCfg = Release|Any CPU
		{20972C03-1110-4477-BCB3-895E1558175F}.Release|Any CPU.Build.0 = Release|Any CPU
		{C82839BE-5EF1-4BBB-8FD8-A80CE1134466}.Debug|Any CPU.ActiveCfg = Debug|Any CPU
		{C82839BE-5EF1-4BBB-8FD8-A80CE1134466}.Debug|Any CPU.Build.0 = Debug|Any CPU
		{C82839BE-5EF1-4BBB-8FD8-A80CE1134466}.Release|Any CPU.ActiveCfg = Release|Any CPU
		{C82839BE-5EF1-4BBB-8FD8-A80CE1134466}.Release|Any CPU.Build.0 = Release|Any CPU
		{4333B9FF-CE99-4D39-9A10-1D0EF07C3C40}.Debug|Any CPU.ActiveCfg = Debug|Any CPU
		{4333B9FF-CE99-4D39-9A10-1D0EF07C3C40}.Debug|Any CPU.Build.0 = Debug|Any CPU
		{4333B9FF-CE99-4D39-9A10-1D0EF07C3C40}.Release|Any CPU.ActiveCfg = Release|Any CPU
		{4333B9FF-CE99-4D39-9A10-1D0EF07C3C40}.Release|Any CPU.Build.0 = Release|Any CPU
	EndGlobalSection
	GlobalSection(SolutionProperties) = preSolution
		HideSolutionNode = FALSE
	EndGlobalSection
	GlobalSection(ExtensibilityGlobals) = postSolution
		SolutionGuid = {372D3547-EE05-4EE4-BF7D-1CE69B4594A5}
	EndGlobalSection
EndGlobal
